
Microsoft Visual Studio Solution File, Format Version 12.00
# Visual Studio Version 17
VisualStudioVersion = 17.10.35013.160
MinimumVisualStudioVersion = 10.0.40219.1
Project("{FAE04EC0-301F-11D3-BF4B-00C04F79EFBC}") = "Proje1OkulKayit", "Proje1OkulKayit\Proje1OkulKayit.csproj", "{A5F69986-3E84-4984-8B73-1C42F2B7996C}"
EndProject
Global
	GlobalSection(SolutionConfigurationPlatforms) = preSolution
		Debug|Any CPU = Debug|Any CPU
		Release|Any CPU = Release|Any CPU
	EndGlobalSection
	GlobalSection(ProjectConfigurationPlatforms) = postSolution
		{A5F69986-3E84-4984-8B73-1C42F2B7996C}.Debug|Any CPU.ActiveCfg = Debug|Any CPU
		{A5F69986-3E84-4984-8B73-1C42F2B7996C}.Debug|Any CPU.Build.0 = Debug|Any CPU
		{A5F69986-3E84-4984-8B73-1C42F2B7996C}.Release|Any CPU.ActiveCfg = Release|Any CPU
		{A5F69986-3E84-4984-8B73-1C42F2B7996C}.Release|Any CPU.Build.0 = Release|Any CPU
	EndGlobalSection
	GlobalSection(SolutionProperties) = preSolution
		HideSolutionNode = FALSE
	EndGlobalSection
	GlobalSection(ExtensibilityGlobals) = postSolution
		SolutionGuid = {240A1531-254E-4CAE-8D50-FAD5C184DEF2}
	EndGlobalSection
EndGlobal
